
Microsoft Visual Studio Solution File, Format Version 12.00
# Visual Studio 15
VisualStudioVersion = 15.0.27130.2024
MinimumVisualStudioVersion = 10.0.40219.1
Project("{262852C6-CD72-467D-83FE-5EEB1973A190}") = "MaterialUIExample", "MaterialUIExample\MaterialUIExample.jsproj", "{F057A02F-3D63-404B-85D2-A9BCC24DFC37}"
EndProject
Global
	GlobalSection(SolutionConfigurationPlatforms) = preSolution
		Debug|Android = Debug|Android
		Debug|iOS = Debug|iOS
		Debug|Windows-ARM = Debug|Windows-ARM
		Debug|Windows-x64 = Debug|Windows-x64
		Debug|Windows-x86 = Debug|Windows-x86
		Release|Android = Release|Android
		Release|iOS = Release|iOS
		Release|Windows-ARM = Release|Windows-ARM
		Release|Windows-x64 = Release|Windows-x64
		Release|Windows-x86 = Release|Windows-x86
	EndGlobalSection
	GlobalSection(ProjectConfigurationPlatforms) = postSolution
		{F057A02F-3D63-404B-85D2-A9BCC24DFC37}.Debug|Android.ActiveCfg = Debug|Android
		{F057A02F-3D63-404B-85D2-A9BCC24DFC37}.Debug|Android.Build.0 = Debug|Android
		{F057A02F-3D63-404B-85D2-A9BCC24DFC37}.Debug|Android.Deploy.0 = Debug|Android
		{F057A02F-3D63-404B-85D2-A9BCC24DFC37}.Debug|iOS.ActiveCfg = Debug|iOS
		{F057A02F-3D63-404B-85D2-A9BCC24DFC37}.Debug|iOS.Build.0 = Debug|iOS
		{F057A02F-3D63-404B-85D2-A9BCC24DFC37}.Debug|iOS.Deploy.0 = Debug|iOS
		{F057A02F-3D63-404B-85D2-A9BCC24DFC37}.Debug|Windows-ARM.ActiveCfg = Debug|Windows-ARM
		{F057A02F-3D63-404B-85D2-A9BCC24DFC37}.Debug|Windows-ARM.Build.0 = Debug|Windows-ARM
		{F057A02F-3D63-404B-85D2-A9BCC24DFC37}.Debug|Windows-ARM.Deploy.0 = Debug|Windows-ARM
		{F057A02F-3D63-404B-85D2-A9BCC24DFC37}.Debug|Windows-x64.ActiveCfg = Debug|Windows-x64
		{F057A02F-3D63-404B-85D2-A9BCC24DFC37}.Debug|Windows-x64.Build.0 = Debug|Windows-x64
		{F057A02F-3D63-404B-85D2-A9BCC24DFC37}.Debug|Windows-x64.Deploy.0 = Debug|Windows-x64
		{F057A02F-3D63-404B-85D2-A9BCC24DFC37}.Debug|Windows-x86.ActiveCfg = Debug|Windows-x86
		{F057A02F-3D63-404B-85D2-A9BCC24DFC37}.Debug|Windows-x86.Build.0 = Debug|Windows-x86
		{F057A02F-3D63-404B-85D2-A9BCC24DFC37}.Debug|Windows-x86.Deploy.0 = Debug|Windows-x86
		{F057A02F-3D63-404B-85D2-A9BCC24DFC37}.Release|Android.ActiveCfg = Release|Android
		{F057A02F-3D63-404B-85D2-A9BCC24DFC37}.Release|Android.Build.0 = Release|Android
		{F057A02F-3D63-404B-85D2-A9BCC24DFC37}.Release|Android.Deploy.0 = Release|Android
		{F057A02F-3D63-404B-85D2-A9BCC24DFC37}.Release|iOS.ActiveCfg = Release|iOS
		{F057A02F-3D63-404B-85D2-A9BCC24DFC37}.Release|iOS.Build.0 = Release|iOS
		{F057A02F-3D63-404B-85D2-A9BCC24DFC37}.Release|iOS.Deploy.0 = Release|iOS
		{F057A02F-3D63-404B-85D2-A9BCC24DFC37}.Release|Windows-ARM.ActiveCfg = Release|Windows-ARM
		{F057A02F-3D63-404B-85D2-A9BCC24DFC37}.Release|Windows-ARM.Build.0 = Release|Windows-ARM
		{F057A02F-3D63-404B-85D2-A9BCC24DFC37}.Release|Windows-ARM.Deploy.0 = Release|Windows-ARM
		{F057A02F-3D63-404B-85D2-A9BCC24DFC37}.Release|Windows-x64.ActiveCfg = Release|Windows-x64
		{F057A02F-3D63-404B-85D2-A9BCC24DFC37}.Release|Windows-x64.Build.0 = Release|Windows-x64
		{F057A02F-3D63-404B-85D2-A9BCC24DFC37}.Release|Windows-x64.Deploy.0 = Release|Windows-x64
		{F057A02F-3D63-404B-85D2-A9BCC24DFC37}.Release|Windows-x86.ActiveCfg = Release|Windows-x86
		{F057A02F-3D63-404B-85D2-A9BCC24DFC37}.Release|Windows-x86.Build.0 = Release|Windows-x86
		{F057A02F-3D63-404B-85D2-A9BCC24DFC37}.Release|Windows-x86.Deploy.0 = Release|Windows-x86
	EndGlobalSection
	GlobalSection(SolutionProperties) = preSolution
		HideSolutionNode = FALSE
	EndGlobalSection
	GlobalSection(ExtensibilityGlobals) = postSolution
		SolutionGuid = {22ACE7D8-C91F-434B-B994-80DB6B8E4B34}
	EndGlobalSection
EndGlobal
